// !$*UTF8*$!
{
	archiveVersion = 1;
	classes = {
	};
	objectVersion = 46;
	objects = {

/* Begin PBXBuildFile section */
		4BCC50501DE846B40002A045 /* AppDelegate.swift in Sources */ = {isa = PBXBuildFile; fileRef = 4BCC504F1DE846B40002A045 /* AppDelegate.swift */; };
		4BCC50521DE846B40002A045 /* ViewController.swift in Sources */ = {isa = PBXBuildFile; fileRef = 4BCC50511DE846B40002A045 /* ViewController.swift */; };
		4BCC50551DE846B50002A045 /* Main.storyboard in Resources */ = {isa = PBXBuildFile; fileRef = 4BCC50531DE846B50002A045 /* Main.storyboard */; };
		4BCC50571DE846B50002A045 /* Assets.xcassets in Resources */ = {isa = PBXBuildFile; fileRef = 4BCC50561DE846B50002A045 /* Assets.xcassets */; };
		4BCC505A1DE846B50002A045 /* LaunchScreen.storyboard in Resources */ = {isa = PBXBuildFile; fileRef = 4BCC50581DE846B50002A045 /* LaunchScreen.storyboard */; };
		4BCC506E1DE847DC0002A045 /* RxCocoa.framework in Frameworks */ = {isa = PBXBuildFile; fileRef = 4BCC506B1DE847D90002A045 /* RxCocoa.framework */; };
		4BCC506F1DE847DC0002A045 /* RxCocoa.framework in Embed Frameworks */ = {isa = PBXBuildFile; fileRef = 4BCC506B1DE847D90002A045 /* RxCocoa.framework */; settings = {ATTRIBUTES = (CodeSignOnCopy, RemoveHeadersOnCopy, ); }; };
		4BCC50701DE847DC0002A045 /* RxOrigami.framework in Frameworks */ = {isa = PBXBuildFile; fileRef = 4BCC506C1DE847D90002A045 /* RxOrigami.framework */; };
		4BCC50711DE847DC0002A045 /* RxOrigami.framework in Embed Frameworks */ = {isa = PBXBuildFile; fileRef = 4BCC506C1DE847D90002A045 /* RxOrigami.framework */; settings = {ATTRIBUTES = (CodeSignOnCopy, RemoveHeadersOnCopy, ); }; };
		4BCC50721DE847DC0002A045 /* RxSwift.framework in Frameworks */ = {isa = PBXBuildFile; fileRef = 4BCC506D1DE847D90002A045 /* RxSwift.framework */; };
		4BCC50731DE847DC0002A045 /* RxSwift.framework in Embed Frameworks */ = {isa = PBXBuildFile; fileRef = 4BCC506D1DE847D90002A045 /* RxSwift.framework */; settings = {ATTRIBUTES = (CodeSignOnCopy, RemoveHeadersOnCopy, ); }; };
		4BCC50751DE84C9D0002A045 /* RevealServer.framework in Frameworks */ = {isa = PBXBuildFile; fileRef = 4BCC50741DE84C990002A045 /* RevealServer.framework */; };
		4BCC50761DE84C9D0002A045 /* RevealServer.framework in Embed Frameworks */ = {isa = PBXBuildFile; fileRef = 4BCC50741DE84C990002A045 /* RevealServer.framework */; settings = {ATTRIBUTES = (CodeSignOnCopy, RemoveHeadersOnCopy, ); }; };
/* End PBXBuildFile section */

/* Begin PBXCopyFilesBuildPhase section */
		4BCC506A1DE846D00002A045 /* Embed Frameworks */ = {
			isa = PBXCopyFilesBuildPhase;
			buildActionMask = 2147483647;
			dstPath = "";
			dstSubfolderSpec = 10;
			files = (
				4BCC50761DE84C9D0002A045 /* RevealServer.framework in Embed Frameworks */,
				4BCC506F1DE847DC0002A045 /* RxCocoa.framework in Embed Frameworks */,
				4BCC50711DE847DC0002A045 /* RxOrigami.framework in Embed Frameworks */,
				4BCC50731DE847DC0002A045 /* RxSwift.framework in Embed Frameworks */,
			);
			name = "Embed Frameworks";
			runOnlyForDeploymentPostprocessing = 0;
		};
/* End PBXCopyFilesBuildPhase section */

/* Begin PBXFileReference section */
		4BCC504C1DE846B40002A045 /* Zoom.app */ = {isa = PBXFileReference; explicitFileType = wrapper.application; includeInIndex = 0; path = Zoom.app; sourceTree = BUILT_PRODUCTS_DIR; };
		4BCC504F1DE846B40002A045 /* AppDelegate.swift */ = {isa = PBXFileReference; lastKnownFileType = sourcecode.swift; path = AppDelegate.swift; sourceTree = "<group>"; };
		4BCC50511DE846B40002A045 /* ViewController.swift */ = {isa = PBXFileReference; lastKnownFileType = sourcecode.swift; path = ViewController.swift; sourceTree = "<group>"; };
		4BCC50541DE846B50002A045 /* Base */ = {isa = PBXFileReference; lastKnownFileType = file.storyboard; name = Base; path = Base.lproj/Main.storyboard; sourceTree = "<group>"; };
		4BCC50561DE846B50002A045 /* Assets.xcassets */ = {isa = PBXFileReference; lastKnownFileType = folder.assetcatalog; path = Assets.xcassets; sourceTree = "<group>"; };
		4BCC50591DE846B50002A045 /* Base */ = {isa = PBXFileReference; lastKnownFileType = file.storyboard; name = Base; path = Base.lproj/LaunchScreen.storyboard; sourceTree = "<group>"; };
		4BCC505B1DE846B50002A045 /* Info.plist */ = {isa = PBXFileReference; lastKnownFileType = text.plist.xml; path = Info.plist; sourceTree = "<group>"; };
		4BCC506B1DE847D90002A045 /* RxCocoa.framework */ = {isa = PBXFileReference; lastKnownFileType = wrapper.framework; path = RxCocoa.framework; sourceTree = "<group>"; };
		4BCC506C1DE847D90002A045 /* RxOrigami.framework */ = {isa = PBXFileReference; lastKnownFileType = wrapper.framework; path = RxOrigami.framework; sourceTree = "<group>"; };
		4BCC506D1DE847D90002A045 /* RxSwift.framework */ = {isa = PBXFileReference; lastKnownFileType = wrapper.framework; path = RxSwift.framework; sourceTree = "<group>"; };
		4BCC50741DE84C990002A045 /* RevealServer.framework */ = {isa = PBXFileReference; lastKnownFileType = wrapper.framework; path = RevealServer.framework; sourceTree = "<group>"; };
/* End PBXFileReference section */

/* Begin PBXFrameworksBuildPhase section */
		4BCC50491DE846B40002A045 /* Frameworks */ = {
			isa = PBXFrameworksBuildPhase;
			buildActionMask = 2147483647;
			files = (
				4BCC50751DE84C9D0002A045 /* RevealServer.framework in Frameworks */,
				4BCC506E1DE847DC0002A045 /* RxCocoa.framework in Frameworks */,
				4BCC50701DE847DC0002A045 /* RxOrigami.framework in Frameworks */,
				4BCC50721DE847DC0002A045 /* RxSwift.framework in Frameworks */,
			);
			runOnlyForDeploymentPostprocessing = 0;
		};
/* End PBXFrameworksBuildPhase section */

/* Begin PBXGroup section */
		4BCC50431DE846B40002A045 = {
			isa = PBXGroup;
			children = (
				4BCC50741DE84C990002A045 /* RevealServer.framework */,
				4BCC506B1DE847D90002A045 /* RxCocoa.framework */,
				4BCC506C1DE847D90002A045 /* RxOrigami.framework */,
				4BCC506D1DE847D90002A045 /* RxSwift.framework */,
				4BCC504E1DE846B40002A045 /* Zoom */,
				4BCC504D1DE846B40002A045 /* Products */,
			);
			sourceTree = "<group>";
		};
		4BCC504D1DE846B40002A045 /* Products */ = {
			isa = PBXGroup;
			children = (
				4BCC504C1DE846B40002A045 /* Zoom.app */,
			);
			name = Products;
			sourceTree = "<group>";
		};
		4BCC504E1DE846B40002A045 /* Zoom */ = {
			isa = PBXGroup;
			children = (
				4BCC504F1DE846B40002A045 /* AppDelegate.swift */,
				4BCC50511DE846B40002A045 /* ViewController.swift */,
				4BCC50531DE846B50002A045 /* Main.storyboard */,
				4BCC50561DE846B50002A045 /* Assets.xcassets */,
				4BCC50581DE846B50002A045 /* LaunchScreen.storyboard */,
				4BCC505B1DE846B50002A045 /* Info.plist */,
			);
			path = Zoom;
			sourceTree = "<group>";
		};
/* End PBXGroup section */

/* Begin PBXNativeTarget section */
		4BCC504B1DE846B40002A045 /* Zoom */ = {
			isa = PBXNativeTarget;
			buildConfigurationList = 4BCC505E1DE846B50002A045 /* Build configuration list for PBXNativeTarget "Zoom" */;
			buildPhases = (
				4BCC50481DE846B40002A045 /* Sources */,
				4BCC50491DE846B40002A045 /* Frameworks */,
				4BCC504A1DE846B40002A045 /* Resources */,
				4BCC506A1DE846D00002A045 /* Embed Frameworks */,
			);
			buildRules = (
			);
			dependencies = (
			);
			name = Zoom;
			productName = Zoom;
			productReference = 4BCC504C1DE846B40002A045 /* Zoom.app */;
			productType = "com.apple.product-type.application";
		};
/* End PBXNativeTarget section */

/* Begin PBXProject section */
		4BCC50441DE846B40002A045 /* Project object */ = {
			isa = PBXProject;
			attributes = {
				LastSwiftUpdateCheck = 0810;
				LastUpgradeCheck = 0810;
				ORGANIZATIONNAME = muukii;
				TargetAttributes = {
					4BCC504B1DE846B40002A045 = {
						CreatedOnToolsVersion = 8.1;
						DevelopmentTeam = JX92XL88RZ;
						ProvisioningStyle = Automatic;
					};
				};
			};
			buildConfigurationList = 4BCC50471DE846B40002A045 /* Build configuration list for PBXProject "Zoom" */;
			compatibilityVersion = "Xcode 3.2";
			developmentRegion = English;
			hasScannedForEncodings = 0;
			knownRegions = (
				en,
				Base,
			);
			mainGroup = 4BCC50431DE846B40002A045;
			productRefGroup = 4BCC504D1DE846B40002A045 /* Products */;
			projectDirPath = "";
			projectRoot = "";
			targets = (
				4BCC504B1DE846B40002A045 /* Zoom */,
			);
		};
/* End PBXProject section */

/* Begin PBXResourcesBuildPhase section */
		4BCC504A1DE846B40002A045 /* Resources */ = {
			isa = PBXResourcesBuildPhase;
			buildActionMask = 2147483647;
			files = (
				4BCC505A1DE846B50002A045 /* LaunchScreen.storyboard in Resources */,
				4BCC50571DE846B50002A045 /* Assets.xcassets in Resources */,
				4BCC50551DE846B50002A045 /* Main.storyboard in Resources */,
			);
			runOnlyForDeploymentPostprocessing = 0;
		};
/* End PBXResourcesBuildPhase section */

/* Begin PBXSourcesBuildPhase section */
		4BCC50481DE846B40002A045 /* Sources */ = {
			isa = PBXSourcesBuildPhase;
			buildActionMask = 2147483647;
			files = (
				4BCC50521DE846B40002A045 /* ViewController.swift in Sources */,
				4BCC50501DE846B40002A045 /* AppDelegate.swift in Sources */,
			);
			runOnlyForDeploymentPostprocessing = 0;
		};
/* End PBXSourcesBuildPhase section */

/* Begin PBXVariantGroup section */
		4BCC50531DE846B50002A045 /* Main.storyboard */ = {
			isa = PBXVariantGroup;
			children = (
				4BCC50541DE846B50002A045 /* Base */,
			);
			name = Main.storyboard;
			sourceTree = "<group>";
		};
		4BCC50581DE846B50002A045 /* LaunchScreen.storyboard */ = {
			isa = PBXVariantGroup;
			children = (
				4BCC50591DE846B50002A045 /* Base */,
			);
			name = LaunchScreen.storyboard;
			sourceTree = "<group>";
		};
/* End PBXVariantGroup section */

/* Begin XCBuildConfiguration section */
		4BCC505C1DE846B50002A045 /* Debug */ = {
			isa = XCBuildConfiguration;
			buildSettings = {
				ALWAYS_SEARCH_USER_PATHS = NO;
				CLANG_ANALYZER_NONNULL = YES;
				CLANG_CXX_LANGUAGE_STANDARD = "gnu++0x";
				CLANG_CXX_LIBRARY = "libc++";
				CLANG_ENABLE_MODULES = YES;
				CLANG_ENABLE_OBJC_ARC = YES;
				CLANG_WARN_BOOL_CONVERSION = YES;
				CLANG_WARN_CONSTANT_CONVERSION = YES;
				CLANG_WARN_DIRECT_OBJC_ISA_USAGE = YES_ERROR;
				CLANG_WARN_DOCUMENTATION_COMMENTS = YES;
				CLANG_WARN_EMPTY_BODY = YES;
				CLANG_WARN_ENUM_CONVERSION = YES;
				CLANG_WARN_INFINITE_RECURSION = YES;
				CLANG_WARN_INT_CONVERSION = YES;
				CLANG_WARN_OBJC_ROOT_CLASS = YES_ERROR;
				CLANG_WARN_SUSPICIOUS_MOVES = YES;
				CLANG_WARN_UNREACHABLE_CODE = YES;
				CLANG_WARN__DUPLICATE_METHOD_MATCH = YES;
				"CODE_SIGN_IDENTITY[sdk=iphoneos*]" = "iPhone Developer";
				COPY_PHASE_STRIP = NO;
				DEBUG_INFORMATION_FORMAT = dwarf;
				ENABLE_STRICT_OBJC_MSGSEND = YES;
				ENABLE_TESTABILITY = YES;
				GCC_C_LANGUAGE_STANDARD = gnu99;
				GCC_DYNAMIC_NO_PIC = NO;
				GCC_NO_COMMON_BLOCKS = YES;
				GCC_OPTIMIZATION_LEVEL = 0;
				GCC_PREPROCESSOR_DEFINITIONS = (
					"DEBUG=1",
					"$(inherited)",
				);
				GCC_WARN_64_TO_32_BIT_CONVERSION = YES;
				GCC_WARN_ABOUT_RETURN_TYPE = YES_ERROR;
				GCC_WARN_UNDECLARED_SELECTOR = YES;
				GCC_WARN_UNINITIALIZED_AUTOS = YES_AGGRESSIVE;
				GCC_WARN_UNUSED_FUNCTION = YES;
				GCC_WARN_UNUSED_VARIABLE = YES;
				IPHONEOS_DEPLOYMENT_TARGET = 10.1;
				MTL_ENABLE_DEBUG_INFO = YES;
				ONLY_ACTIVE_ARCH = YES;
				SDKROOT = iphoneos;
				SWIFT_ACTIVE_COMPILATION_CONDITIONS = DEBUG;
				SWIFT_OPTIMIZATION_LEVEL = "-Onone";
			};
			name = Debug;
		};
		4BCC505D1DE846B50002A045 /* Release */ = {
			isa = XCBuildConfiguration;
			buildSettings = {
				ALWAYS_SEARCH_USER_PATHS = NO;
				CLANG_ANALYZER_NONNULL = YES;
				CLANG_CXX_LANGUAGE_STANDARD = "gnu++0x";
				CLANG_CXX_LIBRARY = "libc++";
				CLANG_ENABLE_MODULES = YES;
				CLANG_ENABLE_OBJC_ARC = YES;
				CLANG_WARN_BOOL_CONVERSION = YES;
				CLANG_WARN_CONSTANT_CONVERSION = YES;
				CLANG_WARN_DIRECT_OBJC_ISA_USAGE = YES_ERROR;
				CLANG_WARN_DOCUMENTATION_COMMENTS = YES;
				CLANG_WARN_EMPTY_BODY = YES;
				CLANG_WARN_ENUM_CONVERSION = YES;
				CLANG_WARN_INFINITE_RECURSION = YES;
				CLANG_WARN_INT_CONVERSION = YES;
				CLANG_WARN_OBJC_ROOT_CLASS = YES_ERROR;
				CLANG_WARN_SUSPICIOUS_MOVES = YES;
				CLANG_WARN_UNREACHABLE_CODE = YES;
				CLANG_WARN__DUPLICATE_METHOD_MATCH = YES;
				"CODE_SIGN_IDENTITY[sdk=iphoneos*]" = "iPhone Developer";
				COPY_PHASE_STRIP = NO;
				DEBUG_INFORMATION_FORMAT = "dwarf-with-dsym";
				ENABLE_NS_ASSERTIONS = NO;
				ENABLE_STRICT_OBJC_MSGSEND = YES;
				GCC_C_LANGUAGE_STANDARD = gnu99;
				GCC_NO_COMMON_BLOCKS = YES;
				GCC_WARN_64_TO_32_BIT_CONVERSION = YES;
				GCC_WARN_ABOUT_RETURN_TYPE = YES_ERROR;
				GCC_WARN_UNDECLARED_SELECTOR = YES;
				GCC_WARN_UNINITIALIZED_AUTOS = YES_AGGRESSIVE;
				GCC_WARN_UNUSED_FUNCTION = YES;
				GCC_WARN_UNUSED_VARIABLE = YES;
				IPHONEOS_DEPLOYMENT_TARGET = 10.1;
				MTL_ENABLE_DEBUG_INFO = NO;
				SDKROOT = iphoneos;
				SWIFT_OPTIMIZATION_LEVEL = "-Owholemodule";
				VALIDATE_PRODUCT = YES;
			};
			name = Release;
		};
		4BCC505F1DE846B50002A045 /* Debug */ = {
			isa = XCBuildConfiguration;
			buildSettings = {
				ASSETCATALOG_COMPILER_APPICON_NAME = AppIcon;
				DEVELOPMENT_TEAM = JX92XL88RZ;
				FRAMEWORK_SEARCH_PATHS = (
					"$(inherited)",
					"$(PROJECT_DIR)",
				);
				INFOPLIST_FILE = Zoom/Info.plist;
				LD_RUNPATH_SEARCH_PATHS = "$(inherited) @executable_path/Frameworks";
				PRODUCT_BUNDLE_IDENTIFIER = me.muuki.Zoom;
				PRODUCT_NAME = "$(TARGET_NAME)";
				SWIFT_VERSION = 3.0;
			};
			name = Debug;
		};
		4BCC50601DE846B50002A045 /* Release */ = {
			isa = XCBuildConfiguration;
			buildSettings = {
				ASSETCATALOG_COMPILER_APPICON_NAME = AppIcon;
				DEVELOPMENT_TEAM = JX92XL88RZ;
				FRAMEWORK_SEARCH_PATHS = (
					"$(inherited)",
					"$(PROJECT_DIR)",
				);
				INFOPLIST_FILE = Zoom/Info.plist;
				LD_RUNPATH_SEARCH_PATHS = "$(inherited) @executable_path/Frameworks";
				PRODUCT_BUNDLE_IDENTIFIER = me.muuki.Zoom;
				PRODUCT_NAME = "$(TARGET_NAME)";
				SWIFT_VERSION = 3.0;
			};
			name = Release;
		};
/* End XCBuildConfiguration section */

/* Begin XCConfigurationList section */
		4BCC50471DE846B40002A045 /* Build configuration list for PBXProject "Zoom" */ = {
			isa = XCConfigurationList;
			buildConfigurations = (
				4BCC505C1DE846B50002A045 /* Debug */,
				4BCC505D1DE846B50002A045 /* Release */,
			);
			defaultConfigurationIsVisible = 0;
			defaultConfigurationName = Release;
		};
		4BCC505E1DE846B50002A045 /* Build configuration list for PBXNativeTarget "Zoom" */ = {
			isa = XCConfigurationList;
			buildConfigurations = (
				4BCC505F1DE846B50002A045 /* Debug */,
				4BCC50601DE846B50002A045 /* Release */,
			);
			defaultConfigurationIsVisible = 0;
		};
/* End XCConfigurationList section */
	};
	rootObject = 4BCC50441DE846B40002A045 /* Project object */;
}
